
Microsoft Visual Studio Solution File, Format Version 12.00
# Visual Studio 2012
Project("{FAE04EC0-301F-11D3-BF4B-00C04F79EFBC}") = "SimpleContactList", "SimpleContactList\SimpleContactList.csproj", "{1D117867-1CD4-4103-ACF7-3AEA9FBA6DD4}"
EndProject
Project("{FAE04EC0-301F-11D3-BF4B-00C04F79EFBC}") = "SimpleContactListBLL", "SimpleContactListBLL\SimpleContactListBLL.csproj", "{19BD8597-8661-4B24-86D7-DB62FD630D43}"
EndProject
Project("{FAE04EC0-301F-11D3-BF4B-00C04F79EFBC}") = "SimpleContactListDAL", "SimpleContactListDAL\SimpleContactListDAL.csproj", "{A2D68B97-C57E-4BCD-99D2-7747C02DD2FF}"
EndProject
Global
	GlobalSection(SolutionConfigurationPlatforms) = preSolution
		Debug|Any CPU = Debug|Any CPU
		Release|Any CPU = Release|Any CPU
	EndGlobalSection
	GlobalSection(ProjectConfigurationPlatforms) = postSolution
		{1D117867-1CD4-4103-ACF7-3AEA9FBA6DD4}.Debug|Any CPU.ActiveCfg = Debug|Any CPU
		{1D117867-1CD4-4103-ACF7-3AEA9FBA6DD4}.Debug|Any CPU.Build.0 = Debug|Any CPU
		{1D117867-1CD4-4103-ACF7-3AEA9FBA6DD4}.Release|Any CPU.ActiveCfg = Release|Any CPU
		{1D117867-1CD4-4103-ACF7-3AEA9FBA6DD4}.Release|Any CPU.Build.0 = Release|Any CPU
		{19BD8597-8661-4B24-86D7-DB62FD630D43}.Debug|Any CPU.ActiveCfg = Debug|Any CPU
		{19BD8597-8661-4B24-86D7-DB62FD630D43}.Debug|Any CPU.Build.0 = Debug|Any CPU
		{19BD8597-8661-4B24-86D7-DB62FD630D43}.Release|Any CPU.ActiveCfg = Release|Any CPU
		{19BD8597-8661-4B24-86D7-DB62FD630D43}.Release|Any CPU.Build.0 = Release|Any CPU
		{A2D68B97-C57E-4BCD-99D2-7747C02DD2FF}.Debug|Any CPU.ActiveCfg = Debug|Any CPU
		{A2D68B97-C57E-4BCD-99D2-7747C02DD2FF}.Debug|Any CPU.Build.0 = Debug|Any CPU
		{A2D68B97-C57E-4BCD-99D2-7747C02DD2FF}.Release|Any CPU.ActiveCfg = Release|Any CPU
		{A2D68B97-C57E-4BCD-99D2-7747C02DD2FF}.Release|Any CPU.Build.0 = Release|Any CPU
	EndGlobalSection
	GlobalSection(SolutionProperties) = preSolution
		HideSolutionNode = FALSE
	EndGlobalSection
EndGlobal
